
Microsoft Visual Studio Solution File, Format Version 12.00
# Visual Studio 14
VisualStudioVersion = 14.0.25420.1
MinimumVisualStudioVersion = 10.0.40219.1
Project("{8BB2217D-0F2D-49D1-97BC-3654ED321F3B}") = "Unosquare.WaveShare.FingerprintModule", "Unosquare.WaveShare.FingerprintModule\Unosquare.WaveShare.FingerprintModule.xproj", "{23CFFB12-316C-4342-9735-AD0E9B76C4FF}"
EndProject
Project("{8BB2217D-0F2D-49D1-97BC-3654ED321F3B}") = "Unosquare.WaveShare.FingerprintModule.Sample", "Unosquare.WaveShare.FingerprintModule.Sample\Unosquare.WaveShare.FingerprintModule.Sample.xproj", "{81F31F77-8C4E-4CD5-98DC-36F4C8D9698A}"
EndProject
Global
	GlobalSection(SolutionConfigurationPlatforms) = preSolution
		Debug|Any CPU = Debug|Any CPU
		Release|Any CPU = Release|Any CPU
		Signed_Release|Any CPU = Signed_Release|Any CPU
	EndGlobalSection
	GlobalSection(ProjectConfigurationPlatforms) = postSolution
		{23CFFB12-316C-4342-9735-AD0E9B76C4FF}.Debug|Any CPU.ActiveCfg = Debug|Any CPU
		{23CFFB12-316C-4342-9735-AD0E9B76C4FF}.Debug|Any CPU.Build.0 = Debug|Any CPU
		{23CFFB12-316C-4342-9735-AD0E9B76C4FF}.Release|Any CPU.ActiveCfg = Release|Any CPU
		{23CFFB12-316C-4342-9735-AD0E9B76C4FF}.Release|Any CPU.Build.0 = Release|Any CPU
		{23CFFB12-316C-4342-9735-AD0E9B76C4FF}.Signed_Release|Any CPU.ActiveCfg = Release|Any CPU
		{23CFFB12-316C-4342-9735-AD0E9B76C4FF}.Signed_Release|Any CPU.Build.0 = Release|Any CPU
		{81F31F77-8C4E-4CD5-98DC-36F4C8D9698A}.Debug|Any CPU.ActiveCfg = Debug|Any CPU
		{81F31F77-8C4E-4CD5-98DC-36F4C8D9698A}.Debug|Any CPU.Build.0 = Debug|Any CPU
		{81F31F77-8C4E-4CD5-98DC-36F4C8D9698A}.Release|Any CPU.ActiveCfg = Release|Any CPU
		{81F31F77-8C4E-4CD5-98DC-36F4C8D9698A}.Release|Any CPU.Build.0 = Release|Any CPU
		{81F31F77-8C4E-4CD5-98DC-36F4C8D9698A}.Signed_Release|Any CPU.ActiveCfg = Release|Any CPU
		{81F31F77-8C4E-4CD5-98DC-36F4C8D9698A}.Signed_Release|Any CPU.Build.0 = Release|Any CPU
	EndGlobalSection
	GlobalSection(SolutionProperties) = preSolution
		HideSolutionNode = FALSE
	EndGlobalSection
EndGlobal
